{
  "name": "audioHub",
  "lockfileVersion": 3,
  "requires": true,
  "packages": {
    "": {
      "dependencies": {
        "wavesurfer.js": "^7.4.2"
      }
    },
    "node_modules/wavesurfer.js": {
      "version": "7.4.2",
      "resolved": "https://registry.npmjs.org/wavesurfer.js/-/wavesurfer.js-7.4.2.tgz",
      "integrity": "sha512-4pNQ1porOCUBYBmd2F1TqVuBnB2wBPipaw2qI920zYLuPnada0Rd1CURgh8HRuPGKxijj2iyZDFN2UZwsaEuhA=="
    }
  }
}
